
Microsoft Visual Studio Solution File, Format Version 12.00
# Visual Studio Version 17
VisualStudioVersion = 17.2.32505.173
MinimumVisualStudioVersion = 10.0.40219.1
Project("{9A19103F-16F7-4668-BE54-9A1E7A4F7556}") = "EmployeeMicroservice", "EmployeeMicroservice.csproj", "{EA5FA762-1BB5-44AC-9B92-4446C1FCD74B}"
EndProject
Project("{9A19103F-16F7-4668-BE54-9A1E7A4F7556}") = "EmployeeMicroserviceUnitTest", "..\EmployeeMicroservice.UnitTest\EmployeeMicroserviceUnitTest.csproj", "{E3B71E29-8624-490C-9E82-0EEA78635B82}"
EndProject
Global
	GlobalSection(SolutionConfigurationPlatforms) = preSolution
		Debug|Any CPU = Debug|Any CPU
		Release|Any CPU = Release|Any CPU
	EndGlobalSection
	GlobalSection(ProjectConfigurationPlatforms) = postSolution
		{EA5FA762-1BB5-44AC-9B92-4446C1FCD74B}.Debug|Any CPU.ActiveCfg = Debug|Any CPU
		{EA5FA762-1BB5-44AC-9B92-4446C1FCD74B}.Debug|Any CPU.Build.0 = Debug|Any CPU
		{EA5FA762-1BB5-44AC-9B92-4446C1FCD74B}.Release|Any CPU.ActiveCfg = Release|Any CPU
		{EA5FA762-1BB5-44AC-9B92-4446C1FCD74B}.Release|Any CPU.Build.0 = Release|Any CPU
		{E3B71E29-8624-490C-9E82-0EEA78635B82}.Debug|Any CPU.ActiveCfg = Debug|Any CPU
		{E3B71E29-8624-490C-9E82-0EEA78635B82}.Debug|Any CPU.Build.0 = Debug|Any CPU
		{E3B71E29-8624-490C-9E82-0EEA78635B82}.Release|Any CPU.ActiveCfg = Release|Any CPU
		{E3B71E29-8624-490C-9E82-0EEA78635B82}.Release|Any CPU.Build.0 = Release|Any CPU
	EndGlobalSection
	GlobalSection(SolutionProperties) = preSolution
		HideSolutionNode = FALSE
	EndGlobalSection
	GlobalSection(ExtensibilityGlobals) = postSolution
		SolutionGuid = {08D78212-6AE5-4916-BEA7-5911C6A77E39}
	EndGlobalSection
EndGlobal
