
Microsoft Visual Studio Solution File, Format Version 12.00
# Visual Studio Version 17
VisualStudioVersion = 17.1.32421.90
MinimumVisualStudioVersion = 10.0.40219.1
Project("{9A19103F-16F7-4668-BE54-9A1E7A4F7556}") = "CorpClassfAuth", "CorpClassfAuth.csproj", "{B9755965-07BA-42A7-A04C-67ECC99553F8}"
EndProject
Project("{FAE04EC0-301F-11D3-BF4B-00C04F79EFBC}") = "CorpClassfAuthUnitTest", "..\CorpClassfAuthUnitTest\CorpClassfAuthUnitTest.csproj", "{D10EFDA6-2810-43AA-9508-6503EB035503}"
EndProject
Global
	GlobalSection(SolutionConfigurationPlatforms) = preSolution
		Debug|Any CPU = Debug|Any CPU
		Release|Any CPU = Release|Any CPU
	EndGlobalSection
	GlobalSection(ProjectConfigurationPlatforms) = postSolution
		{B9755965-07BA-42A7-A04C-67ECC99553F8}.Debug|Any CPU.ActiveCfg = Debug|Any CPU
		{B9755965-07BA-42A7-A04C-67ECC99553F8}.Debug|Any CPU.Build.0 = Debug|Any CPU
		{B9755965-07BA-42A7-A04C-67ECC99553F8}.Release|Any CPU.ActiveCfg = Release|Any CPU
		{B9755965-07BA-42A7-A04C-67ECC99553F8}.Release|Any CPU.Build.0 = Release|Any CPU
		{D10EFDA6-2810-43AA-9508-6503EB035503}.Debug|Any CPU.ActiveCfg = Debug|Any CPU
		{D10EFDA6-2810-43AA-9508-6503EB035503}.Debug|Any CPU.Build.0 = Debug|Any CPU
		{D10EFDA6-2810-43AA-9508-6503EB035503}.Release|Any CPU.ActiveCfg = Release|Any CPU
		{D10EFDA6-2810-43AA-9508-6503EB035503}.Release|Any CPU.Build.0 = Release|Any CPU
	EndGlobalSection
	GlobalSection(SolutionProperties) = preSolution
		HideSolutionNode = FALSE
	EndGlobalSection
	GlobalSection(ExtensibilityGlobals) = postSolution
		SolutionGuid = {BC1F21F9-03FE-4A91-A104-374E4E511F06}
	EndGlobalSection
EndGlobal
